
Microsoft Visual Studio Solution File, Format Version 12.00
# Visual Studio Version 17
VisualStudioVersion = 17.14.36301.6 d17.14
MinimumVisualStudioVersion = 10.0.40219.1
Project("{FAE04EC0-301F-11D3-BF4B-00C04F79EFBC}") = "MVC_Day01", "MVC_Day01\MVC_Day01.csproj", "{2DFDEADB-8C0D-4663-9604-9BBB85C71156}"
EndProject
Global
	GlobalSection(SolutionConfigurationPlatforms) = preSolution
		Debug|Any CPU = Debug|Any CPU
		Release|Any CPU = Release|Any CPU
	EndGlobalSection
	GlobalSection(ProjectConfigurationPlatforms) = postSolution
		{2DFDEADB-8C0D-4663-9604-9BBB85C71156}.Debug|Any CPU.ActiveCfg = Debug|Any CPU
		{2DFDEADB-8C0D-4663-9604-9BBB85C71156}.Debug|Any CPU.Build.0 = Debug|Any CPU
		{2DFDEADB-8C0D-4663-9604-9BBB85C71156}.Release|Any CPU.ActiveCfg = Release|Any CPU
		{2DFDEADB-8C0D-4663-9604-9BBB85C71156}.Release|Any CPU.Build.0 = Release|Any CPU
	EndGlobalSection
	GlobalSection(SolutionProperties) = preSolution
		HideSolutionNode = FALSE
	EndGlobalSection
	GlobalSection(ExtensibilityGlobals) = postSolution
		SolutionGuid = {21944CFB-A369-4807-8D4A-EC1E937E6F24}
	EndGlobalSection
EndGlobal
